
Microsoft Visual Studio Solution File, Format Version 12.00
# Visual Studio Version 16
VisualStudioVersion = 16.0.31624.102
MinimumVisualStudioVersion = 10.0.40219.1
Project("{FAE04EC0-301F-11D3-BF4B-00C04F79EFBC}") = "FunctionsReturnAndArraysFromFile", "FunctionsReturnAndArraysFromFile\FunctionsReturnAndArraysFromFile.csproj", "{A1FB9DFC-EB85-4B92-899B-F2135190A681}"
EndProject
Project("{FAE04EC0-301F-11D3-BF4B-00C04F79EFBC}") = "FridayNightRandom", "FridayNightRandom\FridayNightRandom.csproj", "{AE5CFC38-03EC-4F25-A517-7518F03E8C7B}"
EndProject
Project("{FAE04EC0-301F-11D3-BF4B-00C04F79EFBC}") = "FridayNightRandomReturn", "FridayNightRandomReturn\FridayNightRandomReturn.csproj", "{3A601305-F06A-4196-B552-25FBCC5FF435}"
EndProject
Project("{FAE04EC0-301F-11D3-BF4B-00C04F79EFBC}") = "PickRandomFromFile", "PickRandomFromFile\PickRandomFromFile.csproj", "{6BFA0F2A-A1E0-4DAC-B368-AAF375675B7B}"
EndProject
Project("{FAE04EC0-301F-11D3-BF4B-00C04F79EFBC}") = "ChuckNorris", "ChuckNorris\ChuckNorris.csproj", "{4E7009CC-A6EE-4073-948C-7394183056CE}"
EndProject
Global
	GlobalSection(SolutionConfigurationPlatforms) = preSolution
		Debug|Any CPU = Debug|Any CPU
		Release|Any CPU = Release|Any CPU
	EndGlobalSection
	GlobalSection(ProjectConfigurationPlatforms) = postSolution
		{A1FB9DFC-EB85-4B92-899B-F2135190A681}.Debug|Any CPU.ActiveCfg = Debug|Any CPU
		{A1FB9DFC-EB85-4B92-899B-F2135190A681}.Debug|Any CPU.Build.0 = Debug|Any CPU
		{A1FB9DFC-EB85-4B92-899B-F2135190A681}.Release|Any CPU.ActiveCfg = Release|Any CPU
		{A1FB9DFC-EB85-4B92-899B-F2135190A681}.Release|Any CPU.Build.0 = Release|Any CPU
		{AE5CFC38-03EC-4F25-A517-7518F03E8C7B}.Debug|Any CPU.ActiveCfg = Debug|Any CPU
		{AE5CFC38-03EC-4F25-A517-7518F03E8C7B}.Debug|Any CPU.Build.0 = Debug|Any CPU
		{AE5CFC38-03EC-4F25-A517-7518F03E8C7B}.Release|Any CPU.ActiveCfg = Release|Any CPU
		{AE5CFC38-03EC-4F25-A517-7518F03E8C7B}.Release|Any CPU.Build.0 = Release|Any CPU
		{3A601305-F06A-4196-B552-25FBCC5FF435}.Debug|Any CPU.ActiveCfg = Debug|Any CPU
		{3A601305-F06A-4196-B552-25FBCC5FF435}.Debug|Any CPU.Build.0 = Debug|Any CPU
		{3A601305-F06A-4196-B552-25FBCC5FF435}.Release|Any CPU.ActiveCfg = Release|Any CPU
		{3A601305-F06A-4196-B552-25FBCC5FF435}.Release|Any CPU.Build.0 = Release|Any CPU
		{6BFA0F2A-A1E0-4DAC-B368-AAF375675B7B}.Debug|Any CPU.ActiveCfg = Debug|Any CPU
		{6BFA0F2A-A1E0-4DAC-B368-AAF375675B7B}.Debug|Any CPU.Build.0 = Debug|Any CPU
		{6BFA0F2A-A1E0-4DAC-B368-AAF375675B7B}.Release|Any CPU.ActiveCfg = Release|Any CPU
		{6BFA0F2A-A1E0-4DAC-B368-AAF375675B7B}.Release|Any CPU.Build.0 = Release|Any CPU
		{4E7009CC-A6EE-4073-948C-7394183056CE}.Debug|Any CPU.ActiveCfg = Debug|Any CPU
		{4E7009CC-A6EE-4073-948C-7394183056CE}.Debug|Any CPU.Build.0 = Debug|Any CPU
		{4E7009CC-A6EE-4073-948C-7394183056CE}.Release|Any CPU.ActiveCfg = Release|Any CPU
		{4E7009CC-A6EE-4073-948C-7394183056CE}.Release|Any CPU.Build.0 = Release|Any CPU
	EndGlobalSection
	GlobalSection(SolutionProperties) = preSolution
		HideSolutionNode = FALSE
	EndGlobalSection
	GlobalSection(ExtensibilityGlobals) = postSolution
		SolutionGuid = {2223D0F6-0A09-43A3-B7B2-5056E713FB92}
	EndGlobalSection
EndGlobal
